
Microsoft Visual Studio Solution File, Format Version 12.00
# Visual Studio Version 17
VisualStudioVersion = 17.4.33205.214
MinimumVisualStudioVersion = 10.0.40219.1
Project("{FAE04EC0-301F-11D3-BF4B-00C04F79EFBC}") = "jalgpall", "jalgpall.csproj", "{8F70DD77-41E8-4314-B04D-2B0FDF217BAC}"
EndProject
Global
	GlobalSection(SolutionConfigurationPlatforms) = preSolution
		Debug|Any CPU = Debug|Any CPU
		Release|Any CPU = Release|Any CPU
	EndGlobalSection
	GlobalSection(ProjectConfigurationPlatforms) = postSolution
		{8F70DD77-41E8-4314-B04D-2B0FDF217BAC}.Debug|Any CPU.ActiveCfg = Debug|Any CPU
		{8F70DD77-41E8-4314-B04D-2B0FDF217BAC}.Debug|Any CPU.Build.0 = Debug|Any CPU
		{8F70DD77-41E8-4314-B04D-2B0FDF217BAC}.Release|Any CPU.ActiveCfg = Release|Any CPU
		{8F70DD77-41E8-4314-B04D-2B0FDF217BAC}.Release|Any CPU.Build.0 = Release|Any CPU
	EndGlobalSection
	GlobalSection(SolutionProperties) = preSolution
		HideSolutionNode = FALSE
	EndGlobalSection
	GlobalSection(ExtensibilityGlobals) = postSolution
		SolutionGuid = {00E51030-9944-4281-A3E7-D8341A109C0D}
	EndGlobalSection
EndGlobal
