
Microsoft Visual Studio Solution File, Format Version 12.00
# Visual Studio Version 17
VisualStudioVersion = 17.4.33205.214
MinimumVisualStudioVersion = 10.0.40219.1
Project("{FAE04EC0-301F-11D3-BF4B-00C04F79EFBC}") = "WinFormsApp1", "WinFormsApp1.csproj", "{FAC9A542-3AF3-4742-8A58-DFFD77866889}"
EndProject
Global
	GlobalSection(SolutionConfigurationPlatforms) = preSolution
		Debug|Any CPU = Debug|Any CPU
		Release|Any CPU = Release|Any CPU
	EndGlobalSection
	GlobalSection(ProjectConfigurationPlatforms) = postSolution
		{FAC9A542-3AF3-4742-8A58-DFFD77866889}.Debug|Any CPU.ActiveCfg = Debug|Any CPU
		{FAC9A542-3AF3-4742-8A58-DFFD77866889}.Debug|Any CPU.Build.0 = Debug|Any CPU
		{FAC9A542-3AF3-4742-8A58-DFFD77866889}.Release|Any CPU.ActiveCfg = Release|Any CPU
		{FAC9A542-3AF3-4742-8A58-DFFD77866889}.Release|Any CPU.Build.0 = Release|Any CPU
	EndGlobalSection
	GlobalSection(SolutionProperties) = preSolution
		HideSolutionNode = FALSE
	EndGlobalSection
	GlobalSection(ExtensibilityGlobals) = postSolution
		SolutionGuid = {95260467-2746-43B0-ABA3-96C36F04F9B8}
	EndGlobalSection
EndGlobal
